
Microsoft Visual Studio Solution File, Format Version 12.00
# Visual Studio Version 17
VisualStudioVersion = 17.14.36301.6 d17.14
MinimumVisualStudioVersion = 10.0.40219.1
Project("{FAE04EC0-301F-11D3-BF4B-00C04F79EFBC}") = "Emek.API", "Emek.API.csproj", "{3610C53F-B638-48E0-AA09-998FA6DAA081}"
EndProject
Project("{FAE04EC0-301F-11D3-BF4B-00C04F79EFBC}") = "Emek.Domain", "..\Emek.Domain\Emek.Domain.csproj", "{5A1B8008-2E6F-49C2-B35F-907CC0CD84D2}"
EndProject
Project("{FAE04EC0-301F-11D3-BF4B-00C04F79EFBC}") = "Emek.Application", "..\Emek.Application\Emek.Application.csproj", "{92B0EE30-55BD-479E-98A5-32BD1C3ACF27}"
EndProject
Project("{FAE04EC0-301F-11D3-BF4B-00C04F79EFBC}") = "Emek.Persistence", "..\Emek.Persistence\Emek.Persistence.csproj", "{4BF538C6-6AEC-4120-BB67-3C08D49BC08D}"
EndProject
Project("{FAE04EC0-301F-11D3-BF4B-00C04F79EFBC}") = "Emek.Infrastructure", "..\Emek.Infrastructure\Emek.Infrastructure.csproj", "{A69BB5A7-A698-417F-8C53-B06E43C5223E}"
EndProject
Global
	GlobalSection(SolutionConfigurationPlatforms) = preSolution
		Debug|Any CPU = Debug|Any CPU
		Release|Any CPU = Release|Any CPU
	EndGlobalSection
	GlobalSection(ProjectConfigurationPlatforms) = postSolution
		{3610C53F-B638-48E0-AA09-998FA6DAA081}.Debug|Any CPU.ActiveCfg = Debug|Any CPU
		{3610C53F-B638-48E0-AA09-998FA6DAA081}.Debug|Any CPU.Build.0 = Debug|Any CPU
		{3610C53F-B638-48E0-AA09-998FA6DAA081}.Release|Any CPU.ActiveCfg = Release|Any CPU
		{3610C53F-B638-48E0-AA09-998FA6DAA081}.Release|Any CPU.Build.0 = Release|Any CPU
		{5A1B8008-2E6F-49C2-B35F-907CC0CD84D2}.Debug|Any CPU.ActiveCfg = Debug|Any CPU
		{5A1B8008-2E6F-49C2-B35F-907CC0CD84D2}.Debug|Any CPU.Build.0 = Debug|Any CPU
		{5A1B8008-2E6F-49C2-B35F-907CC0CD84D2}.Release|Any CPU.ActiveCfg = Release|Any CPU
		{5A1B8008-2E6F-49C2-B35F-907CC0CD84D2}.Release|Any CPU.Build.0 = Release|Any CPU
		{92B0EE30-55BD-479E-98A5-32BD1C3ACF27}.Debug|Any CPU.ActiveCfg = Debug|Any CPU
		{92B0EE30-55BD-479E-98A5-32BD1C3ACF27}.Debug|Any CPU.Build.0 = Debug|Any CPU
		{92B0EE30-55BD-479E-98A5-32BD1C3ACF27}.Release|Any CPU.ActiveCfg = Release|Any CPU
		{92B0EE30-55BD-479E-98A5-32BD1C3ACF27}.Release|Any CPU.Build.0 = Release|Any CPU
		{4BF538C6-6AEC-4120-BB67-3C08D49BC08D}.Debug|Any CPU.ActiveCfg = Debug|Any CPU
		{4BF538C6-6AEC-4120-BB67-3C08D49BC08D}.Debug|Any CPU.Build.0 = Debug|Any CPU
		{4BF538C6-6AEC-4120-BB67-3C08D49BC08D}.Release|Any CPU.ActiveCfg = Release|Any CPU
		{4BF538C6-6AEC-4120-BB67-3C08D49BC08D}.Release|Any CPU.Build.0 = Release|Any CPU
		{A69BB5A7-A698-417F-8C53-B06E43C5223E}.Debug|Any CPU.ActiveCfg = Debug|Any CPU
		{A69BB5A7-A698-417F-8C53-B06E43C5223E}.Debug|Any CPU.Build.0 = Debug|Any CPU
		{A69BB5A7-A698-417F-8C53-B06E43C5223E}.Release|Any CPU.ActiveCfg = Release|Any CPU
		{A69BB5A7-A698-417F-8C53-B06E43C5223E}.Release|Any CPU.Build.0 = Release|Any CPU
	EndGlobalSection
	GlobalSection(SolutionProperties) = preSolution
		HideSolutionNode = FALSE
	EndGlobalSection
	GlobalSection(ExtensibilityGlobals) = postSolution
		SolutionGuid = {E0EE3689-88C5-4007-BAB5-5AFCB0508708}
	EndGlobalSection
EndGlobal
